{
  "name": "brutalist-portfolio",
  "version": "0.0.0",
  "lockfileVersion": 3,
  "requires": true,
  "packages": {
    "": {
      "dependencies": {
        "lucide-react": "file:...",
        "motion": "file:...",
        "react": "file:...",
        "react-dom": "file:..."
      },
      "devDependencies": {
        "@tailwindcss/vite": "file:...",
        "@vitejs/plugin-react": "file:...",
        "tailwindcss": "file:...",
        "vite": "file:..."
      }
    },
    "...": {},
    "node_modules/@tailwindcss/vite": {
      "resolved": "...",
      "link": true
    },
    "node_modules/@vitejs/plugin-react": {
      "resolved": "...",
      "link": true
    },
    "node_modules/lucide-react": {
      "resolved": "...",
      "link": true
    },
    "node_modules/motion": {
      "resolved": "...",
      "link": true
    },
    "node_modules/react": {
      "resolved": "...",
      "link": true
    },
    "node_modules/react-dom": {
      "resolved": "...",
      "link": true
    },
    "node_modules/tailwindcss": {
      "resolved": "...",
      "link": true
    },
    "node_modules/vite": {
      "resolved": "...",
      "link": true
    }
  }
}
